
Microsoft Visual Studio Solution File, Format Version 12.00
# Visual Studio Version 16
VisualStudioVersion = 16.0.32106.194
MinimumVisualStudioVersion = 10.0.40219.1
Project("{FAE04EC0-301F-11D3-BF4B-00C04F79EFBC}") = "лб 8", "лб 8\лб 8.csproj", "{A6588FE3-4A02-4D16-BDA9-AE21232523A6}"
EndProject
Project("{FAE04EC0-301F-11D3-BF4B-00C04F79EFBC}") = "2", "2\2.csproj", "{9E6501E8-A3F7-4D7E-81FE-29C692238752}"
EndProject
Project("{FAE04EC0-301F-11D3-BF4B-00C04F79EFBC}") = "3", "3\3.csproj", "{FECD3AC9-F881-4EC5-8067-D6F37F3D492B}"
EndProject
Global
	GlobalSection(SolutionConfigurationPlatforms) = preSolution
		Debug|Any CPU = Debug|Any CPU
		Release|Any CPU = Release|Any CPU
	EndGlobalSection
	GlobalSection(ProjectConfigurationPlatforms) = postSolution
		{A6588FE3-4A02-4D16-BDA9-AE21232523A6}.Debug|Any CPU.ActiveCfg = Debug|Any CPU
		{A6588FE3-4A02-4D16-BDA9-AE21232523A6}.Debug|Any CPU.Build.0 = Debug|Any CPU
		{A6588FE3-4A02-4D16-BDA9-AE21232523A6}.Release|Any CPU.ActiveCfg = Release|Any CPU
		{A6588FE3-4A02-4D16-BDA9-AE21232523A6}.Release|Any CPU.Build.0 = Release|Any CPU
		{9E6501E8-A3F7-4D7E-81FE-29C692238752}.Debug|Any CPU.ActiveCfg = Debug|Any CPU
		{9E6501E8-A3F7-4D7E-81FE-29C692238752}.Debug|Any CPU.Build.0 = Debug|Any CPU
		{9E6501E8-A3F7-4D7E-81FE-29C692238752}.Release|Any CPU.ActiveCfg = Release|Any CPU
		{9E6501E8-A3F7-4D7E-81FE-29C692238752}.Release|Any CPU.Build.0 = Release|Any CPU
		{FECD3AC9-F881-4EC5-8067-D6F37F3D492B}.Debug|Any CPU.ActiveCfg = Debug|Any CPU
		{FECD3AC9-F881-4EC5-8067-D6F37F3D492B}.Debug|Any CPU.Build.0 = Debug|Any CPU
		{FECD3AC9-F881-4EC5-8067-D6F37F3D492B}.Release|Any CPU.ActiveCfg = Release|Any CPU
		{FECD3AC9-F881-4EC5-8067-D6F37F3D492B}.Release|Any CPU.Build.0 = Release|Any CPU
	EndGlobalSection
	GlobalSection(SolutionProperties) = preSolution
		HideSolutionNode = FALSE
	EndGlobalSection
	GlobalSection(ExtensibilityGlobals) = postSolution
		SolutionGuid = {F4AC3748-9A3F-441A-88E9-41DCEB3AC84F}
	EndGlobalSection
EndGlobal
